
Microsoft Visual Studio Solution File, Format Version 12.00
# Visual Studio Version 16
VisualStudioVersion = 16.0.29123.88
MinimumVisualStudioVersion = 10.0.40219.1
Project("{FAE04EC0-301F-11D3-BF4B-00C04F79EFBC}") = "Task1", "WpfApp1\Task1.csproj", "{C7CBEF92-9878-4961-A9E8-8EF3FC6DD44C}"
EndProject
Project("{FAE04EC0-301F-11D3-BF4B-00C04F79EFBC}") = "Task2", "FullScreen\Task2.csproj", "{5FD0ABDB-D679-4B5C-B51F-232A48B9B29B}"
EndProject
Project("{FAE04EC0-301F-11D3-BF4B-00C04F79EFBC}") = "Task3_1", "WpfApp3\Task3_1.csproj", "{2F9FD550-4F9D-4488-9861-15E86DDF97B4}"
EndProject
Project("{FAE04EC0-301F-11D3-BF4B-00C04F79EFBC}") = "Task3_2", "WpfApp32\Task3_2.csproj", "{368BE15D-F494-4D54-B3FC-8D5CA3DD71A3}"
EndProject
Global
	GlobalSection(SolutionConfigurationPlatforms) = preSolution
		Debug|Any CPU = Debug|Any CPU
		Release|Any CPU = Release|Any CPU
	EndGlobalSection
	GlobalSection(ProjectConfigurationPlatforms) = postSolution
		{C7CBEF92-9878-4961-A9E8-8EF3FC6DD44C}.Debug|Any CPU.ActiveCfg = Debug|Any CPU
		{C7CBEF92-9878-4961-A9E8-8EF3FC6DD44C}.Debug|Any CPU.Build.0 = Debug|Any CPU
		{C7CBEF92-9878-4961-A9E8-8EF3FC6DD44C}.Release|Any CPU.ActiveCfg = Release|Any CPU
		{C7CBEF92-9878-4961-A9E8-8EF3FC6DD44C}.Release|Any CPU.Build.0 = Release|Any CPU
		{5FD0ABDB-D679-4B5C-B51F-232A48B9B29B}.Debug|Any CPU.ActiveCfg = Debug|Any CPU
		{5FD0ABDB-D679-4B5C-B51F-232A48B9B29B}.Debug|Any CPU.Build.0 = Debug|Any CPU
		{5FD0ABDB-D679-4B5C-B51F-232A48B9B29B}.Release|Any CPU.ActiveCfg = Release|Any CPU
		{5FD0ABDB-D679-4B5C-B51F-232A48B9B29B}.Release|Any CPU.Build.0 = Release|Any CPU
		{2F9FD550-4F9D-4488-9861-15E86DDF97B4}.Debug|Any CPU.ActiveCfg = Debug|Any CPU
		{2F9FD550-4F9D-4488-9861-15E86DDF97B4}.Debug|Any CPU.Build.0 = Debug|Any CPU
		{2F9FD550-4F9D-4488-9861-15E86DDF97B4}.Release|Any CPU.ActiveCfg = Release|Any CPU
		{2F9FD550-4F9D-4488-9861-15E86DDF97B4}.Release|Any CPU.Build.0 = Release|Any CPU
		{368BE15D-F494-4D54-B3FC-8D5CA3DD71A3}.Debug|Any CPU.ActiveCfg = Debug|Any CPU
		{368BE15D-F494-4D54-B3FC-8D5CA3DD71A3}.Debug|Any CPU.Build.0 = Debug|Any CPU
		{368BE15D-F494-4D54-B3FC-8D5CA3DD71A3}.Release|Any CPU.ActiveCfg = Release|Any CPU
		{368BE15D-F494-4D54-B3FC-8D5CA3DD71A3}.Release|Any CPU.Build.0 = Release|Any CPU
	EndGlobalSection
	GlobalSection(SolutionProperties) = preSolution
		HideSolutionNode = FALSE
	EndGlobalSection
	GlobalSection(ExtensibilityGlobals) = postSolution
		SolutionGuid = {84BC1B6B-F39F-4348-BBD7-844B4C2D6402}
	EndGlobalSection
EndGlobal
