
Microsoft Visual Studio Solution File, Format Version 12.00
# Visual Studio Version 16
VisualStudioVersion = 16.0.29009.5
MinimumVisualStudioVersion = 10.0.40219.1
Project("{FAE04EC0-301F-11D3-BF4B-00C04F79EFBC}") = "lab2", "lab2\lab2.csproj", "{74534326-121B-426C-AF7E-2A44D6DB8682}"
EndProject
Global
	GlobalSection(SolutionConfigurationPlatforms) = preSolution
		Debug|Any CPU = Debug|Any CPU
		Release|Any CPU = Release|Any CPU
	EndGlobalSection
	GlobalSection(ProjectConfigurationPlatforms) = postSolution
		{74534326-121B-426C-AF7E-2A44D6DB8682}.Debug|Any CPU.ActiveCfg = Debug|Any CPU
		{74534326-121B-426C-AF7E-2A44D6DB8682}.Debug|Any CPU.Build.0 = Debug|Any CPU
		{74534326-121B-426C-AF7E-2A44D6DB8682}.Release|Any CPU.ActiveCfg = Release|Any CPU
		{74534326-121B-426C-AF7E-2A44D6DB8682}.Release|Any CPU.Build.0 = Release|Any CPU
	EndGlobalSection
	GlobalSection(SolutionProperties) = preSolution
		HideSolutionNode = FALSE
	EndGlobalSection
	GlobalSection(ExtensibilityGlobals) = postSolution
		SolutionGuid = {4E606AA1-E878-45AA-962C-BCBD420AEF6A}
	EndGlobalSection
EndGlobal
