
Microsoft Visual Studio Solution File, Format Version 12.00
# Visual Studio Version 16
VisualStudioVersion = 16.0.29123.88
MinimumVisualStudioVersion = 10.0.40219.1
Project("{FAE04EC0-301F-11D3-BF4B-00C04F79EFBC}") = "WpfApp1", "WpfApp1\WpfApp1.csproj", "{0242DD08-87E0-44BB-80D8-9E85B372981A}"
EndProject
Global
	GlobalSection(SolutionConfigurationPlatforms) = preSolution
		Debug|Any CPU = Debug|Any CPU
		Release|Any CPU = Release|Any CPU
	EndGlobalSection
	GlobalSection(ProjectConfigurationPlatforms) = postSolution
		{0242DD08-87E0-44BB-80D8-9E85B372981A}.Debug|Any CPU.ActiveCfg = Debug|Any CPU
		{0242DD08-87E0-44BB-80D8-9E85B372981A}.Debug|Any CPU.Build.0 = Debug|Any CPU
		{0242DD08-87E0-44BB-80D8-9E85B372981A}.Release|Any CPU.ActiveCfg = Release|Any CPU
		{0242DD08-87E0-44BB-80D8-9E85B372981A}.Release|Any CPU.Build.0 = Release|Any CPU
	EndGlobalSection
	GlobalSection(SolutionProperties) = preSolution
		HideSolutionNode = FALSE
	EndGlobalSection
	GlobalSection(ExtensibilityGlobals) = postSolution
		SolutionGuid = {1807B4C5-161D-4680-842B-73E01E0FD446}
	EndGlobalSection
EndGlobal
